
Microsoft Visual Studio Solution File, Format Version 12.00
# Visual Studio Version 17
VisualStudioVersion = 17.4.33213.308
MinimumVisualStudioVersion = 10.0.40219.1
Project("{FAE04EC0-301F-11D3-BF4B-00C04F79EFBC}") = "Bootstrap practice", "Bootstrap practice\Bootstrap practice.csproj", "{F7A3A0BC-66F2-4FF4-AD6B-F2FBFEFFA619}"
EndProject
Global
	GlobalSection(SolutionConfigurationPlatforms) = preSolution
		Debug|Any CPU = Debug|Any CPU
		Release|Any CPU = Release|Any CPU
	EndGlobalSection
	GlobalSection(ProjectConfigurationPlatforms) = postSolution
		{F7A3A0BC-66F2-4FF4-AD6B-F2FBFEFFA619}.Debug|Any CPU.ActiveCfg = Debug|Any CPU
		{F7A3A0BC-66F2-4FF4-AD6B-F2FBFEFFA619}.Debug|Any CPU.Build.0 = Debug|Any CPU
		{F7A3A0BC-66F2-4FF4-AD6B-F2FBFEFFA619}.Release|Any CPU.ActiveCfg = Release|Any CPU
		{F7A3A0BC-66F2-4FF4-AD6B-F2FBFEFFA619}.Release|Any CPU.Build.0 = Release|Any CPU
	EndGlobalSection
	GlobalSection(SolutionProperties) = preSolution
		HideSolutionNode = FALSE
	EndGlobalSection
	GlobalSection(ExtensibilityGlobals) = postSolution
		SolutionGuid = {F5FD8A5F-3B4D-4DA4-914D-5D88FB4508C7}
	EndGlobalSection
EndGlobal
